// !$*UTF8*$!
{
	archiveVersion = 1;
	classes = {
	};
	objectVersion = 56;
	objects = {

/* Begin PBXBuildFile section */
		CA274366293B9C4500F485C0 /* AppDelegate.swift in Sources */ = {isa = PBXBuildFile; fileRef = CA274365293B9C4500F485C0 /* AppDelegate.swift */; };
		CA274368293B9C4500F485C0 /* SceneDelegate.swift in Sources */ = {isa = PBXBuildFile; fileRef = CA274367293B9C4500F485C0 /* SceneDelegate.swift */; };
		CA27436A293B9C4500F485C0 /* ViewController.swift in Sources */ = {isa = PBXBuildFile; fileRef = CA274369293B9C4500F485C0 /* ViewController.swift */; };
		CA27436D293B9C4500F485C0 /* Main.storyboard in Resources */ = {isa = PBXBuildFile; fileRef = CA27436B293B9C4500F485C0 /* Main.storyboard */; };
		CA27436F293B9C4900F485C0 /* Assets.xcassets in Resources */ = {isa = PBXBuildFile; fileRef = CA27436E293B9C4900F485C0 /* Assets.xcassets */; };
		CA274372293B9C4900F485C0 /* LaunchScreen.storyboard in Resources */ = {isa = PBXBuildFile; fileRef = CA274370293B9C4900F485C0 /* LaunchScreen.storyboard */; };
		CA27437A293B9D4500F485C0 /* SoundBar.swift in Sources */ = {isa = PBXBuildFile; fileRef = CA274379293B9D4500F485C0 /* SoundBar.swift */; };
		CA274382293B9F0200F485C0 /* SoundBarTests.swift in Sources */ = {isa = PBXBuildFile; fileRef = CA274381293B9F0200F485C0 /* SoundBarTests.swift */; };
		CA274389294CD08400F485C0 /* PersonTests.swift in Sources */ = {isa = PBXBuildFile; fileRef = CA274388294CD08400F485C0 /* PersonTests.swift */; };
		CA27438B294CD99900F485C0 /* Person.swift in Sources */ = {isa = PBXBuildFile; fileRef = CA27438A294CD99900F485C0 /* Person.swift */; };
/* End PBXBuildFile section */

/* Begin PBXContainerItemProxy section */
		CA274383293B9F0200F485C0 /* PBXContainerItemProxy */ = {
			isa = PBXContainerItemProxy;
			containerPortal = CA27435A293B9C4500F485C0 /* Project object */;
			proxyType = 1;
			remoteGlobalIDString = CA274361293B9C4500F485C0;
			remoteInfo = TestApp;
		};
/* End PBXContainerItemProxy section */

/* Begin PBXFileReference section */
		CA274362293B9C4500F485C0 /* TestApp.app */ = {isa = PBXFileReference; explicitFileType = wrapper.application; includeInIndex = 0; path = TestApp.app; sourceTree = BUILT_PRODUCTS_DIR; };
		CA274365293B9C4500F485C0 /* AppDelegate.swift */ = {isa = PBXFileReference; lastKnownFileType = sourcecode.swift; path = AppDelegate.swift; sourceTree = "<group>"; };
		CA274367293B9C4500F485C0 /* SceneDelegate.swift */ = {isa = PBXFileReference; lastKnownFileType = sourcecode.swift; path = SceneDelegate.swift; sourceTree = "<group>"; };
		CA274369293B9C4500F485C0 /* ViewController.swift */ = {isa = PBXFileReference; lastKnownFileType = sourcecode.swift; path = ViewController.swift; sourceTree = "<group>"; };
		CA27436C293B9C4500F485C0 /* Base */ = {isa = PBXFileReference; lastKnownFileType = file.storyboard; name = Base; path = Base.lproj/Main.storyboard; sourceTree = "<group>"; };
		CA27436E293B9C4900F485C0 /* Assets.xcassets */ = {isa = PBXFileReference; lastKnownFileType = folder.assetcatalog; path = Assets.xcassets; sourceTree = "<group>"; };
		CA274371293B9C4900F485C0 /* Base */ = {isa = PBXFileReference; lastKnownFileType = file.storyboard; name = Base; path = Base.lproj/LaunchScreen.storyboard; sourceTree = "<group>"; };
		CA274373293B9C4900F485C0 /* Info.plist */ = {isa = PBXFileReference; lastKnownFileType = text.plist.xml; path = Info.plist; sourceTree = "<group>"; };
		CA274379293B9D4500F485C0 /* SoundBar.swift */ = {isa = PBXFileReference; lastKnownFileType = sourcecode.swift; path = SoundBar.swift; sourceTree = "<group>"; };
		CA27437F293B9F0200F485C0 /* TestAppTests.xctest */ = {isa = PBXFileReference; explicitFileType = wrapper.cfbundle; includeInIndex = 0; path = TestAppTests.xctest; sourceTree = BUILT_PRODUCTS_DIR; };
		CA274381293B9F0200F485C0 /* SoundBarTests.swift */ = {isa = PBXFileReference; lastKnownFileType = sourcecode.swift; path = SoundBarTests.swift; sourceTree = "<group>"; };
		CA274388294CD08400F485C0 /* PersonTests.swift */ = {isa = PBXFileReference; lastKnownFileType = sourcecode.swift; path = PersonTests.swift; sourceTree = "<group>"; };
		CA27438A294CD99900F485C0 /* Person.swift */ = {isa = PBXFileReference; lastKnownFileType = sourcecode.swift; path = Person.swift; sourceTree = "<group>"; };
/* End PBXFileReference section */

/* Begin PBXFrameworksBuildPhase section */
		CA27435F293B9C4500F485C0 /* Frameworks */ = {
			isa = PBXFrameworksBuildPhase;
			buildActionMask = 2147483647;
			files = (
			);
			runOnlyForDeploymentPostprocessing = 0;
		};
		CA27437C293B9F0200F485C0 /* Frameworks */ = {
			isa = PBXFrameworksBuildPhase;
			buildActionMask = 2147483647;
			files = (
			);
			runOnlyForDeploymentPostprocessing = 0;
		};
/* End PBXFrameworksBuildPhase section */

/* Begin PBXGroup section */
		CA274359293B9C4500F485C0 = {
			isa = PBXGroup;
			children = (
				CA274364293B9C4500F485C0 /* TestApp */,
				CA274380293B9F0200F485C0 /* TestAppTests */,
				CA274363293B9C4500F485C0 /* Products */,
			);
			sourceTree = "<group>";
		};
		CA274363293B9C4500F485C0 /* Products */ = {
			isa = PBXGroup;
			children = (
				CA274362293B9C4500F485C0 /* TestApp.app */,
				CA27437F293B9F0200F485C0 /* TestAppTests.xctest */,
			);
			name = Products;
			sourceTree = "<group>";
		};
		CA274364293B9C4500F485C0 /* TestApp */ = {
			isa = PBXGroup;
			children = (
				CA274365293B9C4500F485C0 /* AppDelegate.swift */,
				CA274367293B9C4500F485C0 /* SceneDelegate.swift */,
				CA274369293B9C4500F485C0 /* ViewController.swift */,
				CA274379293B9D4500F485C0 /* SoundBar.swift */,
				CA27438A294CD99900F485C0 /* Person.swift */,
				CA27436B293B9C4500F485C0 /* Main.storyboard */,
				CA27436E293B9C4900F485C0 /* Assets.xcassets */,
				CA274370293B9C4900F485C0 /* LaunchScreen.storyboard */,
				CA274373293B9C4900F485C0 /* Info.plist */,
			);
			path = TestApp;
			sourceTree = "<group>";
		};
		CA274380293B9F0200F485C0 /* TestAppTests */ = {
			isa = PBXGroup;
			children = (
				CA274381293B9F0200F485C0 /* SoundBarTests.swift */,
				CA274388294CD08400F485C0 /* PersonTests.swift */,
			);
			path = TestAppTests;
			sourceTree = "<group>";
		};
/* End PBXGroup section */

/* Begin PBXNativeTarget section */
		CA274361293B9C4500F485C0 /* TestApp */ = {
			isa = PBXNativeTarget;
			buildConfigurationList = CA274376293B9C4900F485C0 /* Build configuration list for PBXNativeTarget "TestApp" */;
			buildPhases = (
				CA27435E293B9C4500F485C0 /* Sources */,
				CA27435F293B9C4500F485C0 /* Frameworks */,
				CA274360293B9C4500F485C0 /* Resources */,
			);
			buildRules = (
			);
			dependencies = (
			);
			name = TestApp;
			productName = TestApp;
			productReference = CA274362293B9C4500F485C0 /* TestApp.app */;
			productType = "com.apple.product-type.application";
		};
		CA27437E293B9F0200F485C0 /* TestAppTests */ = {
			isa = PBXNativeTarget;
			buildConfigurationList = CA274385293B9F0200F485C0 /* Build configuration list for PBXNativeTarget "TestAppTests" */;
			buildPhases = (
				CA27437B293B9F0200F485C0 /* Sources */,
				CA27437C293B9F0200F485C0 /* Frameworks */,
				CA27437D293B9F0200F485C0 /* Resources */,
			);
			buildRules = (
			);
			dependencies = (
				CA274384293B9F0200F485C0 /* PBXTargetDependency */,
			);
			name = TestAppTests;
			productName = TestAppTests;
			productReference = CA27437F293B9F0200F485C0 /* TestAppTests.xctest */;
			productType = "com.apple.product-type.bundle.unit-test";
		};
/* End PBXNativeTarget section */

/* Begin PBXProject section */
		CA27435A293B9C4500F485C0 /* Project object */ = {
			isa = PBXProject;
			attributes = {
				BuildIndependentTargetsInParallel = 1;
				LastSwiftUpdateCheck = 1410;
				LastUpgradeCheck = 1410;
				TargetAttributes = {
					CA274361293B9C4500F485C0 = {
						CreatedOnToolsVersion = 14.1;
					};
					CA27437E293B9F0200F485C0 = {
						CreatedOnToolsVersion = 14.1;
						TestTargetID = CA274361293B9C4500F485C0;
					};
				};
			};
			buildConfigurationList = CA27435D293B9C4500F485C0 /* Build configuration list for PBXProject "TestApp" */;
			compatibilityVersion = "Xcode 14.0";
			developmentRegion = en;
			hasScannedForEncodings = 0;
			knownRegions = (
				en,
				Base,
			);
			mainGroup = CA274359293B9C4500F485C0;
			productRefGroup = CA274363293B9C4500F485C0 /* Products */;
			projectDirPath = "";
			projectRoot = "";
			targets = (
				CA274361293B9C4500F485C0 /* TestApp */,
				CA27437E293B9F0200F485C0 /* TestAppTests */,
			);
		};
/* End PBXProject section */

/* Begin PBXResourcesBuildPhase section */
		CA274360293B9C4500F485C0 /* Resources */ = {
			isa = PBXResourcesBuildPhase;
			buildActionMask = 2147483647;
			files = (
				CA274372293B9C4900F485C0 /* LaunchScreen.storyboard in Resources */,
				CA27436F293B9C4900F485C0 /* Assets.xcassets in Resources */,
				CA27436D293B9C4500F485C0 /* Main.storyboard in Resources */,
			);
			runOnlyForDeploymentPostprocessing = 0;
		};
		CA27437D293B9F0200F485C0 /* Resources */ = {
			isa = PBXResourcesBuildPhase;
			buildActionMask = 2147483647;
			files = (
			);
			runOnlyForDeploymentPostprocessing = 0;
		};
/* End PBXResourcesBuildPhase section */

/* Begin PBXSourcesBuildPhase section */
		CA27435E293B9C4500F485C0 /* Sources */ = {
			isa = PBXSourcesBuildPhase;
			buildActionMask = 2147483647;
			files = (
				CA27438B294CD99900F485C0 /* Person.swift in Sources */,
				CA27436A293B9C4500F485C0 /* ViewController.swift in Sources */,
				CA274366293B9C4500F485C0 /* AppDelegate.swift in Sources */,
				CA274368293B9C4500F485C0 /* SceneDelegate.swift in Sources */,
				CA27437A293B9D4500F485C0 /* SoundBar.swift in Sources */,
			);
			runOnlyForDeploymentPostprocessing = 0;
		};
		CA27437B293B9F0200F485C0 /* Sources */ = {
			isa = PBXSourcesBuildPhase;
			buildActionMask = 2147483647;
			files = (
				CA274389294CD08400F485C0 /* PersonTests.swift in Sources */,
				CA274382293B9F0200F485C0 /* SoundBarTests.swift in Sources */,
			);
			runOnlyForDeploymentPostprocessing = 0;
		};
/* End PBXSourcesBuildPhase section */

/* Begin PBXTargetDependency section */
		CA274384293B9F0200F485C0 /* PBXTargetDependency */ = {
			isa = PBXTargetDependency;
			target = CA274361293B9C4500F485C0 /* TestApp */;
			targetProxy = CA274383293B9F0200F485C0 /* PBXContainerItemProxy */;
		};
/* End PBXTargetDependency section */

/* Begin PBXVariantGroup section */
		CA27436B293B9C4500F485C0 /* Main.storyboard */ = {
			isa = PBXVariantGroup;
			children = (
				CA27436C293B9C4500F485C0 /* Base */,
			);
			name = Main.storyboard;
			sourceTree = "<group>";
		};
		CA274370293B9C4900F485C0 /* LaunchScreen.storyboard */ = {
			isa = PBXVariantGroup;
			children = (
				CA274371293B9C4900F485C0 /* Base */,
			);
			name = LaunchScreen.storyboard;
			sourceTree = "<group>";
		};
/* End PBXVariantGroup section */

/* Begin XCBuildConfiguration section */
		CA274374293B9C4900F485C0 /* Debug */ = {
			isa = XCBuildConfiguration;
			buildSettings = {
				ALWAYS_SEARCH_USER_PATHS = NO;
				CLANG_ANALYZER_NONNULL = YES;
				CLANG_ANALYZER_NUMBER_OBJECT_CONVERSION = YES_AGGRESSIVE;
				CLANG_CXX_LANGUAGE_STANDARD = "gnu++20";
				CLANG_ENABLE_MODULES = YES;
				CLANG_ENABLE_OBJC_ARC = YES;
				CLANG_ENABLE_OBJC_WEAK = YES;
				CLANG_WARN_BLOCK_CAPTURE_AUTORELEASING = YES;
				CLANG_WARN_BOOL_CONVERSION = YES;
				CLANG_WARN_COMMA = YES;
				CLANG_WARN_CONSTANT_CONVERSION = YES;
				CLANG_WARN_DEPRECATED_OBJC_IMPLEMENTATIONS = YES;
				CLANG_WARN_DIRECT_OBJC_ISA_USAGE = YES_ERROR;
				CLANG_WARN_DOCUMENTATION_COMMENTS = YES;
				CLANG_WARN_EMPTY_BODY = YES;
				CLANG_WARN_ENUM_CONVERSION = YES;
				CLANG_WARN_INFINITE_RECURSION = YES;
				CLANG_WARN_INT_CONVERSION = YES;
				CLANG_WARN_NON_LITERAL_NULL_CONVERSION = YES;
				CLANG_WARN_OBJC_IMPLICIT_RETAIN_SELF = YES;
				CLANG_WARN_OBJC_LITERAL_CONVERSION = YES;
				CLANG_WARN_OBJC_ROOT_CLASS = YES_ERROR;
				CLANG_WARN_QUOTED_INCLUDE_IN_FRAMEWORK_HEADER = YES;
				CLANG_WARN_RANGE_LOOP_ANALYSIS = YES;
				CLANG_WARN_STRICT_PROTOTYPES = YES;
				CLANG_WARN_SUSPICIOUS_MOVE = YES;
				CLANG_WARN_UNGUARDED_AVAILABILITY = YES_AGGRESSIVE;
				CLANG_WARN_UNREACHABLE_CODE = YES;
				CLANG_WARN__DUPLICATE_METHOD_MATCH = YES;
				COPY_PHASE_STRIP = NO;
				DEBUG_INFORMATION_FORMAT = dwarf;
				ENABLE_STRICT_OBJC_MSGSEND = YES;
				ENABLE_TESTABILITY = YES;
				GCC_C_LANGUAGE_STANDARD = gnu11;
				GCC_DYNAMIC_NO_PIC = NO;
				GCC_NO_COMMON_BLOCKS = YES;
				GCC_OPTIMIZATION_LEVEL = 0;
				GCC_PREPROCESSOR_DEFINITIONS = (
					"DEBUG=1",
					"$(inherited)",
				);
				GCC_WARN_64_TO_32_BIT_CONVERSION = YES;
				GCC_WARN_ABOUT_RETURN_TYPE = YES_ERROR;
				GCC_WARN_UNDECLARED_SELECTOR = YES;
				GCC_WARN_UNINITIALIZED_AUTOS = YES_AGGRESSIVE;
				GCC_WARN_UNUSED_FUNCTION = YES;
				GCC_WARN_UNUSED_VARIABLE = YES;
				IPHONEOS_DEPLOYMENT_TARGET = 16.1;
				MTL_ENABLE_DEBUG_INFO = INCLUDE_SOURCE;
				MTL_FAST_MATH = YES;
				ONLY_ACTIVE_ARCH = YES;
				SDKROOT = iphoneos;
				SWIFT_ACTIVE_COMPILATION_CONDITIONS = DEBUG;
				SWIFT_OPTIMIZATION_LEVEL = "-Onone";
			};
			name = Debug;
		};
		CA274375293B9C4900F485C0 /* Release */ = {
			isa = XCBuildConfiguration;
			buildSettings = {
				ALWAYS_SEARCH_USER_PATHS = NO;
				CLANG_ANALYZER_NONNULL = YES;
				CLANG_ANALYZER_NUMBER_OBJECT_CONVERSION = YES_AGGRESSIVE;
				CLANG_CXX_LANGUAGE_STANDARD = "gnu++20";
				CLANG_ENABLE_MODULES = YES;
				CLANG_ENABLE_OBJC_ARC = YES;
				CLANG_ENABLE_OBJC_WEAK = YES;
				CLANG_WARN_BLOCK_CAPTURE_AUTORELEASING = YES;
				CLANG_WARN_BOOL_CONVERSION = YES;
				CLANG_WARN_COMMA = YES;
				CLANG_WARN_CONSTANT_CONVERSION = YES;
				CLANG_WARN_DEPRECATED_OBJC_IMPLEMENTATIONS = YES;
				CLANG_WARN_DIRECT_OBJC_ISA_USAGE = YES_ERROR;
				CLANG_WARN_DOCUMENTATION_COMMENTS = YES;
				CLANG_WARN_EMPTY_BODY = YES;
				CLANG_WARN_ENUM_CONVERSION = YES;
				CLANG_WARN_INFINITE_RECURSION = YES;
				CLANG_WARN_INT_CONVERSION = YES;
				CLANG_WARN_NON_LITERAL_NULL_CONVERSION = YES;
				CLANG_WARN_OBJC_IMPLICIT_RETAIN_SELF = YES;
				CLANG_WARN_OBJC_LITERAL_CONVERSION = YES;
				CLANG_WARN_OBJC_ROOT_CLASS = YES_ERROR;
				CLANG_WARN_QUOTED_INCLUDE_IN_FRAMEWORK_HEADER = YES;
				CLANG_WARN_RANGE_LOOP_ANALYSIS = YES;
				CLANG_WARN_STRICT_PROTOTYPES = YES;
				CLANG_WARN_SUSPICIOUS_MOVE = YES;
				CLANG_WARN_UNGUARDED_AVAILABILITY = YES_AGGRESSIVE;
				CLANG_WARN_UNREACHABLE_CODE = YES;
				CLANG_WARN__DUPLICATE_METHOD_MATCH = YES;
				COPY_PHASE_STRIP = NO;
				DEBUG_INFORMATION_FORMAT = "dwarf-with-dsym";
				ENABLE_NS_ASSERTIONS = NO;
				ENABLE_STRICT_OBJC_MSGSEND = YES;
				GCC_C_LANGUAGE_STANDARD = gnu11;
				GCC_NO_COMMON_BLOCKS = YES;
				GCC_WARN_64_TO_32_BIT_CONVERSION = YES;
				GCC_WARN_ABOUT_RETURN_TYPE = YES_ERROR;
				GCC_WARN_UNDECLARED_SELECTOR = YES;
				GCC_WARN_UNINITIALIZED_AUTOS = YES_AGGRESSIVE;
				GCC_WARN_UNUSED_FUNCTION = YES;
				GCC_WARN_UNUSED_VARIABLE = YES;
				IPHONEOS_DEPLOYMENT_TARGET = 16.1;
				MTL_ENABLE_DEBUG_INFO = NO;
				MTL_FAST_MATH = YES;
				SDKROOT = iphoneos;
				SWIFT_COMPILATION_MODE = wholemodule;
				SWIFT_OPTIMIZATION_LEVEL = "-O";
				VALIDATE_PRODUCT = YES;
			};
			name = Release;
		};
		CA274377293B9C4900F485C0 /* Debug */ = {
			isa = XCBuildConfiguration;
			buildSettings = {
				ASSETCATALOG_COMPILER_APPICON_NAME = AppIcon;
				ASSETCATALOG_COMPILER_GLOBAL_ACCENT_COLOR_NAME = AccentColor;
				CODE_SIGN_STYLE = Automatic;
				CURRENT_PROJECT_VERSION = 1;
				DEVELOPMENT_TEAM = LKCXB3W5BN;
				GENERATE_INFOPLIST_FILE = YES;
				INFOPLIST_FILE = TestApp/Info.plist;
				INFOPLIST_KEY_UIApplicationSupportsIndirectInputEvents = YES;
				INFOPLIST_KEY_UILaunchStoryboardName = LaunchScreen;
				INFOPLIST_KEY_UIMainStoryboardFile = Main;
				INFOPLIST_KEY_UISupportedInterfaceOrientations = UIInterfaceOrientationPortrait;
				INFOPLIST_KEY_UISupportedInterfaceOrientations_iPad = "UIInterfaceOrientationLandscapeLeft UIInterfaceOrientationLandscapeRight UIInterfaceOrientationPortrait UIInterfaceOrientationPortraitUpsideDown";
				LD_RUNPATH_SEARCH_PATHS = (
					"$(inherited)",
					"@executable_path/Frameworks",
				);
				MARKETING_VERSION = 1.0;
				PRODUCT_BUNDLE_IDENTIFIER = PavelKrigin.TestApp;
				PRODUCT_NAME = "$(TARGET_NAME)";
				SUPPORTED_PLATFORMS = "iphoneos iphonesimulator";
				SUPPORTS_MACCATALYST = NO;
				SUPPORTS_MAC_DESIGNED_FOR_IPHONE_IPAD = NO;
				SWIFT_EMIT_LOC_STRINGS = YES;
				SWIFT_VERSION = 5.0;
				TARGETED_DEVICE_FAMILY = 1;
			};
			name = Debug;
		};
		CA274378293B9C4900F485C0 /* Release */ = {
			isa = XCBuildConfiguration;
			buildSettings = {
				ASSETCATALOG_COMPILER_APPICON_NAME = AppIcon;
				ASSETCATALOG_COMPILER_GLOBAL_ACCENT_COLOR_NAME = AccentColor;
				CODE_SIGN_STYLE = Automatic;
				CURRENT_PROJECT_VERSION = 1;
				DEVELOPMENT_TEAM = LKCXB3W5BN;
				GENERATE_INFOPLIST_FILE = YES;
				INFOPLIST_FILE = TestApp/Info.plist;
				INFOPLIST_KEY_UIApplicationSupportsIndirectInputEvents = YES;
				INFOPLIST_KEY_UILaunchStoryboardName = LaunchScreen;
				INFOPLIST_KEY_UIMainStoryboardFile = Main;
				INFOPLIST_KEY_UISupportedInterfaceOrientations = UIInterfaceOrientationPortrait;
				INFOPLIST_KEY_UISupportedInterfaceOrientations_iPad = "UIInterfaceOrientationLandscapeLeft UIInterfaceOrientationLandscapeRight UIInterfaceOrientationPortrait UIInterfaceOrientationPortraitUpsideDown";
				LD_RUNPATH_SEARCH_PATHS = (
					"$(inherited)",
					"@executable_path/Frameworks",
				);
				MARKETING_VERSION = 1.0;
				PRODUCT_BUNDLE_IDENTIFIER = PavelKrigin.TestApp;
				PRODUCT_NAME = "$(TARGET_NAME)";
				SUPPORTED_PLATFORMS = "iphoneos iphonesimulator";
				SUPPORTS_MACCATALYST = NO;
				SUPPORTS_MAC_DESIGNED_FOR_IPHONE_IPAD = NO;
				SWIFT_EMIT_LOC_STRINGS = YES;
				SWIFT_VERSION = 5.0;
				TARGETED_DEVICE_FAMILY = 1;
			};
			name = Release;
		};
		CA274386293B9F0200F485C0 /* Debug */ = {
			isa = XCBuildConfiguration;
			buildSettings = {
				BUNDLE_LOADER = "$(TEST_HOST)";
				CODE_SIGN_STYLE = Automatic;
				CURRENT_PROJECT_VERSION = 1;
				DEVELOPMENT_TEAM = LKCXB3W5BN;
				GENERATE_INFOPLIST_FILE = YES;
				MARKETING_VERSION = 1.0;
				PRODUCT_BUNDLE_IDENTIFIER = wowboat.TestAppTests;
				PRODUCT_NAME = "$(TARGET_NAME)";
				SWIFT_EMIT_LOC_STRINGS = NO;
				SWIFT_VERSION = 5.0;
				TARGETED_DEVICE_FAMILY = "1,2";
				TEST_HOST = "$(BUILT_PRODUCTS_DIR)/TestApp.app/$(BUNDLE_EXECUTABLE_FOLDER_PATH)/TestApp";
			};
			name = Debug;
		};
		CA274387293B9F0200F485C0 /* Release */ = {
			isa = XCBuildConfiguration;
			buildSettings = {
				BUNDLE_LOADER = "$(TEST_HOST)";
				CODE_SIGN_STYLE = Automatic;
				CURRENT_PROJECT_VERSION = 1;
				DEVELOPMENT_TEAM = LKCXB3W5BN;
				GENERATE_INFOPLIST_FILE = YES;
				MARKETING_VERSION = 1.0;
				PRODUCT_BUNDLE_IDENTIFIER = wowboat.TestAppTests;
				PRODUCT_NAME = "$(TARGET_NAME)";
				SWIFT_EMIT_LOC_STRINGS = NO;
				SWIFT_VERSION = 5.0;
				TARGETED_DEVICE_FAMILY = "1,2";
				TEST_HOST = "$(BUILT_PRODUCTS_DIR)/TestApp.app/$(BUNDLE_EXECUTABLE_FOLDER_PATH)/TestApp";
			};
			name = Release;
		};
/* End XCBuildConfiguration section */

/* Begin XCConfigurationList section */
		CA27435D293B9C4500F485C0 /* Build configuration list for PBXProject "TestApp" */ = {
			isa = XCConfigurationList;
			buildConfigurations = (
				CA274374293B9C4900F485C0 /* Debug */,
				CA274375293B9C4900F485C0 /* Release */,
			);
			defaultConfigurationIsVisible = 0;
			defaultConfigurationName = Release;
		};
		CA274376293B9C4900F485C0 /* Build configuration list for PBXNativeTarget "TestApp" */ = {
			isa = XCConfigurationList;
			buildConfigurations = (
				CA274377293B9C4900F485C0 /* Debug */,
				CA274378293B9C4900F485C0 /* Release */,
			);
			defaultConfigurationIsVisible = 0;
			defaultConfigurationName = Release;
		};
		CA274385293B9F0200F485C0 /* Build configuration list for PBXNativeTarget "TestAppTests" */ = {
			isa = XCConfigurationList;
			buildConfigurations = (
				CA274386293B9F0200F485C0 /* Debug */,
				CA274387293B9F0200F485C0 /* Release */,
			);
			defaultConfigurationIsVisible = 0;
			defaultConfigurationName = Release;
		};
/* End XCConfigurationList section */
	};
	rootObject = CA27435A293B9C4500F485C0 /* Project object */;
}
